
Microsoft Visual Studio Solution File, Format Version 12.00
# Visual Studio Version 16
VisualStudioVersion = 16.0.30413.136
MinimumVisualStudioVersion = 10.0.40219.1
Project("{FAE04EC0-301F-11D3-BF4B-00C04F79EFBC}") = "Forum", "Forum\Forum.csproj", "{1D3E6D2F-B609-4202-B850-20C8B661B3BC}"
EndProject
Global
	GlobalSection(SolutionConfigurationPlatforms) = preSolution
		Debug|Any CPU = Debug|Any CPU
		Release|Any CPU = Release|Any CPU
	EndGlobalSection
	GlobalSection(ProjectConfigurationPlatforms) = postSolution
		{1D3E6D2F-B609-4202-B850-20C8B661B3BC}.Debug|Any CPU.ActiveCfg = Debug|Any CPU
		{1D3E6D2F-B609-4202-B850-20C8B661B3BC}.Debug|Any CPU.Build.0 = Debug|Any CPU
		{1D3E6D2F-B609-4202-B850-20C8B661B3BC}.Release|Any CPU.ActiveCfg = Release|Any CPU
		{1D3E6D2F-B609-4202-B850-20C8B661B3BC}.Release|Any CPU.Build.0 = Release|Any CPU
	EndGlobalSection
	GlobalSection(SolutionProperties) = preSolution
		HideSolutionNode = FALSE
	EndGlobalSection
	GlobalSection(ExtensibilityGlobals) = postSolution
		SolutionGuid = {AF2F1A17-77CC-4C12-8284-C313178F672F}
	EndGlobalSection
EndGlobal
